// !$*UTF8*$!
{
	archiveVersion = 1;
	classes = {
	};
	objectVersion = 56;
	objects = {

/* Begin PBXBuildFile section */
		CC9C9D132A91044900C49C48 /* AppDelegate.swift in Sources */ = {isa = PBXBuildFile; fileRef = CC9C9D122A91044900C49C48 /* AppDelegate.swift */; };
		CC9C9D152A91044900C49C48 /* SceneDelegate.swift in Sources */ = {isa = PBXBuildFile; fileRef = CC9C9D142A91044900C49C48 /* SceneDelegate.swift */; };
		CC9C9D172A91044900C49C48 /* ViewController.swift in Sources */ = {isa = PBXBuildFile; fileRef = CC9C9D162A91044900C49C48 /* ViewController.swift */; };
		CC9C9D1C2A91044B00C49C48 /* Assets.xcassets in Resources */ = {isa = PBXBuildFile; fileRef = CC9C9D1B2A91044B00C49C48 /* Assets.xcassets */; };
		CC9C9D1F2A91044B00C49C48 /* LaunchScreen.storyboard in Resources */ = {isa = PBXBuildFile; fileRef = CC9C9D1D2A91044B00C49C48 /* LaunchScreen.storyboard */; };
		CC9C9D282A91056500C49C48 /* SectionView.swift in Sources */ = {isa = PBXBuildFile; fileRef = CC9C9D272A91056500C49C48 /* SectionView.swift */; };
		CC9C9D2B2A9105C900C49C48 /* UICollectionView+.swift in Sources */ = {isa = PBXBuildFile; fileRef = CC9C9D2A2A9105C900C49C48 /* UICollectionView+.swift */; };
		CC9C9D2D2A91060000C49C48 /* BaseSection.swift in Sources */ = {isa = PBXBuildFile; fileRef = CC9C9D2C2A91060000C49C48 /* BaseSection.swift */; };
		CC9C9D2F2A91062200C49C48 /* Section.swift in Sources */ = {isa = PBXBuildFile; fileRef = CC9C9D2E2A91062200C49C48 /* Section.swift */; };
		CC9C9D312A91064400C49C48 /* SectionCell.swift in Sources */ = {isa = PBXBuildFile; fileRef = CC9C9D302A91064400C49C48 /* SectionCell.swift */; };
		CC9C9D332A91066000C49C48 /* SectionHeader.swift in Sources */ = {isa = PBXBuildFile; fileRef = CC9C9D322A91066000C49C48 /* SectionHeader.swift */; };
		CC9C9D352A91067500C49C48 /* SectionFooter.swift in Sources */ = {isa = PBXBuildFile; fileRef = CC9C9D342A91067500C49C48 /* SectionFooter.swift */; };
		CC9C9D382A91099A00C49C48 /* EmptySectionFooter.swift in Sources */ = {isa = PBXBuildFile; fileRef = CC9C9D372A91099A00C49C48 /* EmptySectionFooter.swift */; };
		CC9C9D3A2A9109D900C49C48 /* EmptySectionHeader.swift in Sources */ = {isa = PBXBuildFile; fileRef = CC9C9D392A9109D900C49C48 /* EmptySectionHeader.swift */; };
		CC9C9D3C2A910A0E00C49C48 /* SectionWithoutHeaderFooter.swift in Sources */ = {isa = PBXBuildFile; fileRef = CC9C9D3B2A910A0E00C49C48 /* SectionWithoutHeaderFooter.swift */; };
/* End PBXBuildFile section */

/* Begin PBXFileReference section */
		CC9C9D0F2A91044900C49C48 /* BaseCollection.app */ = {isa = PBXFileReference; explicitFileType = wrapper.application; includeInIndex = 0; path = BaseCollection.app; sourceTree = BUILT_PRODUCTS_DIR; };
		CC9C9D122A91044900C49C48 /* AppDelegate.swift */ = {isa = PBXFileReference; lastKnownFileType = sourcecode.swift; path = AppDelegate.swift; sourceTree = "<group>"; };
		CC9C9D142A91044900C49C48 /* SceneDelegate.swift */ = {isa = PBXFileReference; lastKnownFileType = sourcecode.swift; path = SceneDelegate.swift; sourceTree = "<group>"; };
		CC9C9D162A91044900C49C48 /* ViewController.swift */ = {isa = PBXFileReference; lastKnownFileType = sourcecode.swift; path = ViewController.swift; sourceTree = "<group>"; };
		CC9C9D1B2A91044B00C49C48 /* Assets.xcassets */ = {isa = PBXFileReference; lastKnownFileType = folder.assetcatalog; path = Assets.xcassets; sourceTree = "<group>"; };
		CC9C9D1E2A91044B00C49C48 /* Base */ = {isa = PBXFileReference; lastKnownFileType = file.storyboard; name = Base; path = Base.lproj/LaunchScreen.storyboard; sourceTree = "<group>"; };
		CC9C9D202A91044B00C49C48 /* Info.plist */ = {isa = PBXFileReference; lastKnownFileType = text.plist.xml; path = Info.plist; sourceTree = "<group>"; };
		CC9C9D272A91056500C49C48 /* SectionView.swift */ = {isa = PBXFileReference; lastKnownFileType = sourcecode.swift; path = SectionView.swift; sourceTree = "<group>"; };
		CC9C9D2A2A9105C900C49C48 /* UICollectionView+.swift */ = {isa = PBXFileReference; lastKnownFileType = sourcecode.swift; path = "UICollectionView+.swift"; sourceTree = "<group>"; };
		CC9C9D2C2A91060000C49C48 /* BaseSection.swift */ = {isa = PBXFileReference; lastKnownFileType = sourcecode.swift; path = BaseSection.swift; sourceTree = "<group>"; };
		CC9C9D2E2A91062200C49C48 /* Section.swift */ = {isa = PBXFileReference; lastKnownFileType = sourcecode.swift; path = Section.swift; sourceTree = "<group>"; };
		CC9C9D302A91064400C49C48 /* SectionCell.swift */ = {isa = PBXFileReference; lastKnownFileType = sourcecode.swift; path = SectionCell.swift; sourceTree = "<group>"; };
		CC9C9D322A91066000C49C48 /* SectionHeader.swift */ = {isa = PBXFileReference; lastKnownFileType = sourcecode.swift; path = SectionHeader.swift; sourceTree = "<group>"; };
		CC9C9D342A91067500C49C48 /* SectionFooter.swift */ = {isa = PBXFileReference; lastKnownFileType = sourcecode.swift; path = SectionFooter.swift; sourceTree = "<group>"; };
		CC9C9D372A91099A00C49C48 /* EmptySectionFooter.swift */ = {isa = PBXFileReference; lastKnownFileType = sourcecode.swift; path = EmptySectionFooter.swift; sourceTree = "<group>"; };
		CC9C9D392A9109D900C49C48 /* EmptySectionHeader.swift */ = {isa = PBXFileReference; lastKnownFileType = sourcecode.swift; path = EmptySectionHeader.swift; sourceTree = "<group>"; };
		CC9C9D3B2A910A0E00C49C48 /* SectionWithoutHeaderFooter.swift */ = {isa = PBXFileReference; lastKnownFileType = sourcecode.swift; path = SectionWithoutHeaderFooter.swift; sourceTree = "<group>"; };
/* End PBXFileReference section */

/* Begin PBXFrameworksBuildPhase section */
		CC9C9D0C2A91044900C49C48 /* Frameworks */ = {
			isa = PBXFrameworksBuildPhase;
			buildActionMask = 2147483647;
			files = (
			);
			runOnlyForDeploymentPostprocessing = 0;
		};
/* End PBXFrameworksBuildPhase section */

/* Begin PBXGroup section */
		CC9C9D062A91044900C49C48 = {
			isa = PBXGroup;
			children = (
				CC9C9D112A91044900C49C48 /* BaseCollection */,
				CC9C9D102A91044900C49C48 /* Products */,
			);
			sourceTree = "<group>";
		};
		CC9C9D102A91044900C49C48 /* Products */ = {
			isa = PBXGroup;
			children = (
				CC9C9D0F2A91044900C49C48 /* BaseCollection.app */,
			);
			name = Products;
			sourceTree = "<group>";
		};
		CC9C9D112A91044900C49C48 /* BaseCollection */ = {
			isa = PBXGroup;
			children = (
				CC9C9D292A9105C000C49C48 /* Extensions */,
				CC9C9D362A91098700C49C48 /* Realization */,
				CC9C9D262A91054300C49C48 /* Base */,
				CC9C9D122A91044900C49C48 /* AppDelegate.swift */,
				CC9C9D142A91044900C49C48 /* SceneDelegate.swift */,
				CC9C9D162A91044900C49C48 /* ViewController.swift */,
				CC9C9D1B2A91044B00C49C48 /* Assets.xcassets */,
				CC9C9D1D2A91044B00C49C48 /* LaunchScreen.storyboard */,
				CC9C9D202A91044B00C49C48 /* Info.plist */,
			);
			path = BaseCollection;
			sourceTree = "<group>";
		};
		CC9C9D262A91054300C49C48 /* Base */ = {
			isa = PBXGroup;
			children = (
				CC9C9D272A91056500C49C48 /* SectionView.swift */,
				CC9C9D2C2A91060000C49C48 /* BaseSection.swift */,
			);
			path = Base;
			sourceTree = "<group>";
		};
		CC9C9D292A9105C000C49C48 /* Extensions */ = {
			isa = PBXGroup;
			children = (
				CC9C9D2A2A9105C900C49C48 /* UICollectionView+.swift */,
			);
			path = Extensions;
			sourceTree = "<group>";
		};
		CC9C9D362A91098700C49C48 /* Realization */ = {
			isa = PBXGroup;
			children = (
				CC9C9D302A91064400C49C48 /* SectionCell.swift */,
				CC9C9D322A91066000C49C48 /* SectionHeader.swift */,
				CC9C9D342A91067500C49C48 /* SectionFooter.swift */,
				CC9C9D2E2A91062200C49C48 /* Section.swift */,
				CC9C9D392A9109D900C49C48 /* EmptySectionHeader.swift */,
				CC9C9D372A91099A00C49C48 /* EmptySectionFooter.swift */,
				CC9C9D3B2A910A0E00C49C48 /* SectionWithoutHeaderFooter.swift */,
			);
			path = Realization;
			sourceTree = "<group>";
		};
/* End PBXGroup section */

/* Begin PBXNativeTarget section */
		CC9C9D0E2A91044900C49C48 /* BaseCollection */ = {
			isa = PBXNativeTarget;
			buildConfigurationList = CC9C9D232A91044B00C49C48 /* Build configuration list for PBXNativeTarget "BaseCollection" */;
			buildPhases = (
				CC9C9D0B2A91044900C49C48 /* Sources */,
				CC9C9D0C2A91044900C49C48 /* Frameworks */,
				CC9C9D0D2A91044900C49C48 /* Resources */,
			);
			buildRules = (
			);
			dependencies = (
			);
			name = BaseCollection;
			productName = BaseCollection;
			productReference = CC9C9D0F2A91044900C49C48 /* BaseCollection.app */;
			productType = "com.apple.product-type.application";
		};
/* End PBXNativeTarget section */

/* Begin PBXProject section */
		CC9C9D072A91044900C49C48 /* Project object */ = {
			isa = PBXProject;
			attributes = {
				BuildIndependentTargetsInParallel = 1;
				LastSwiftUpdateCheck = 1430;
				LastUpgradeCheck = 1430;
				TargetAttributes = {
					CC9C9D0E2A91044900C49C48 = {
						CreatedOnToolsVersion = 14.3.1;
					};
				};
			};
			buildConfigurationList = CC9C9D0A2A91044900C49C48 /* Build configuration list for PBXProject "BaseCollection" */;
			compatibilityVersion = "Xcode 14.0";
			developmentRegion = en;
			hasScannedForEncodings = 0;
			knownRegions = (
				en,
				Base,
			);
			mainGroup = CC9C9D062A91044900C49C48;
			productRefGroup = CC9C9D102A91044900C49C48 /* Products */;
			projectDirPath = "";
			projectRoot = "";
			targets = (
				CC9C9D0E2A91044900C49C48 /* BaseCollection */,
			);
		};
/* End PBXProject section */

/* Begin PBXResourcesBuildPhase section */
		CC9C9D0D2A91044900C49C48 /* Resources */ = {
			isa = PBXResourcesBuildPhase;
			buildActionMask = 2147483647;
			files = (
				CC9C9D1F2A91044B00C49C48 /* LaunchScreen.storyboard in Resources */,
				CC9C9D1C2A91044B00C49C48 /* Assets.xcassets in Resources */,
			);
			runOnlyForDeploymentPostprocessing = 0;
		};
/* End PBXResourcesBuildPhase section */

/* Begin PBXSourcesBuildPhase section */
		CC9C9D0B2A91044900C49C48 /* Sources */ = {
			isa = PBXSourcesBuildPhase;
			buildActionMask = 2147483647;
			files = (
				CC9C9D282A91056500C49C48 /* SectionView.swift in Sources */,
				CC9C9D312A91064400C49C48 /* SectionCell.swift in Sources */,
				CC9C9D172A91044900C49C48 /* ViewController.swift in Sources */,
				CC9C9D382A91099A00C49C48 /* EmptySectionFooter.swift in Sources */,
				CC9C9D3A2A9109D900C49C48 /* EmptySectionHeader.swift in Sources */,
				CC9C9D132A91044900C49C48 /* AppDelegate.swift in Sources */,
				CC9C9D352A91067500C49C48 /* SectionFooter.swift in Sources */,
				CC9C9D2F2A91062200C49C48 /* Section.swift in Sources */,
				CC9C9D332A91066000C49C48 /* SectionHeader.swift in Sources */,
				CC9C9D152A91044900C49C48 /* SceneDelegate.swift in Sources */,
				CC9C9D2D2A91060000C49C48 /* BaseSection.swift in Sources */,
				CC9C9D3C2A910A0E00C49C48 /* SectionWithoutHeaderFooter.swift in Sources */,
				CC9C9D2B2A9105C900C49C48 /* UICollectionView+.swift in Sources */,
			);
			runOnlyForDeploymentPostprocessing = 0;
		};
/* End PBXSourcesBuildPhase section */

/* Begin PBXVariantGroup section */
		CC9C9D1D2A91044B00C49C48 /* LaunchScreen.storyboard */ = {
			isa = PBXVariantGroup;
			children = (
				CC9C9D1E2A91044B00C49C48 /* Base */,
			);
			name = LaunchScreen.storyboard;
			sourceTree = "<group>";
		};
/* End PBXVariantGroup section */

/* Begin XCBuildConfiguration section */
		CC9C9D212A91044B00C49C48 /* Debug */ = {
			isa = XCBuildConfiguration;
			buildSettings = {
				ALWAYS_SEARCH_USER_PATHS = NO;
				CLANG_ANALYZER_NONNULL = YES;
				CLANG_ANALYZER_NUMBER_OBJECT_CONVERSION = YES_AGGRESSIVE;
				CLANG_CXX_LANGUAGE_STANDARD = "gnu++20";
				CLANG_ENABLE_MODULES = YES;
				CLANG_ENABLE_OBJC_ARC = YES;
				CLANG_ENABLE_OBJC_WEAK = YES;
				CLANG_WARN_BLOCK_CAPTURE_AUTORELEASING = YES;
				CLANG_WARN_BOOL_CONVERSION = YES;
				CLANG_WARN_COMMA = YES;
				CLANG_WARN_CONSTANT_CONVERSION = YES;
				CLANG_WARN_DEPRECATED_OBJC_IMPLEMENTATIONS = YES;
				CLANG_WARN_DIRECT_OBJC_ISA_USAGE = YES_ERROR;
				CLANG_WARN_DOCUMENTATION_COMMENTS = YES;
				CLANG_WARN_EMPTY_BODY = YES;
				CLANG_WARN_ENUM_CONVERSION = YES;
				CLANG_WARN_INFINITE_RECURSION = YES;
				CLANG_WARN_INT_CONVERSION = YES;
				CLANG_WARN_NON_LITERAL_NULL_CONVERSION = YES;
				CLANG_WARN_OBJC_IMPLICIT_RETAIN_SELF = YES;
				CLANG_WARN_OBJC_LITERAL_CONVERSION = YES;
				CLANG_WARN_OBJC_ROOT_CLASS = YES_ERROR;
				CLANG_WARN_QUOTED_INCLUDE_IN_FRAMEWORK_HEADER = YES;
				CLANG_WARN_RANGE_LOOP_ANALYSIS = YES;
				CLANG_WARN_STRICT_PROTOTYPES = YES;
				CLANG_WARN_SUSPICIOUS_MOVE = YES;
				CLANG_WARN_UNGUARDED_AVAILABILITY = YES_AGGRESSIVE;
				CLANG_WARN_UNREACHABLE_CODE = YES;
				CLANG_WARN__DUPLICATE_METHOD_MATCH = YES;
				COPY_PHASE_STRIP = NO;
				DEBUG_INFORMATION_FORMAT = dwarf;
				ENABLE_STRICT_OBJC_MSGSEND = YES;
				ENABLE_TESTABILITY = YES;
				GCC_C_LANGUAGE_STANDARD = gnu11;
				GCC_DYNAMIC_NO_PIC = NO;
				GCC_NO_COMMON_BLOCKS = YES;
				GCC_OPTIMIZATION_LEVEL = 0;
				GCC_PREPROCESSOR_DEFINITIONS = (
					"DEBUG=1",
					"$(inherited)",
				);
				GCC_WARN_64_TO_32_BIT_CONVERSION = YES;
				GCC_WARN_ABOUT_RETURN_TYPE = YES_ERROR;
				GCC_WARN_UNDECLARED_SELECTOR = YES;
				GCC_WARN_UNINITIALIZED_AUTOS = YES_AGGRESSIVE;
				GCC_WARN_UNUSED_FUNCTION = YES;
				GCC_WARN_UNUSED_VARIABLE = YES;
				IPHONEOS_DEPLOYMENT_TARGET = 16.4;
				MTL_ENABLE_DEBUG_INFO = INCLUDE_SOURCE;
				MTL_FAST_MATH = YES;
				ONLY_ACTIVE_ARCH = YES;
				SDKROOT = iphoneos;
				SWIFT_ACTIVE_COMPILATION_CONDITIONS = DEBUG;
				SWIFT_OPTIMIZATION_LEVEL = "-Onone";
			};
			name = Debug;
		};
		CC9C9D222A91044B00C49C48 /* Release */ = {
			isa = XCBuildConfiguration;
			buildSettings = {
				ALWAYS_SEARCH_USER_PATHS = NO;
				CLANG_ANALYZER_NONNULL = YES;
				CLANG_ANALYZER_NUMBER_OBJECT_CONVERSION = YES_AGGRESSIVE;
				CLANG_CXX_LANGUAGE_STANDARD = "gnu++20";
				CLANG_ENABLE_MODULES = YES;
				CLANG_ENABLE_OBJC_ARC = YES;
				CLANG_ENABLE_OBJC_WEAK = YES;
				CLANG_WARN_BLOCK_CAPTURE_AUTORELEASING = YES;
				CLANG_WARN_BOOL_CONVERSION = YES;
				CLANG_WARN_COMMA = YES;
				CLANG_WARN_CONSTANT_CONVERSION = YES;
				CLANG_WARN_DEPRECATED_OBJC_IMPLEMENTATIONS = YES;
				CLANG_WARN_DIRECT_OBJC_ISA_USAGE = YES_ERROR;
				CLANG_WARN_DOCUMENTATION_COMMENTS = YES;
				CLANG_WARN_EMPTY_BODY = YES;
				CLANG_WARN_ENUM_CONVERSION = YES;
				CLANG_WARN_INFINITE_RECURSION = YES;
				CLANG_WARN_INT_CONVERSION = YES;
				CLANG_WARN_NON_LITERAL_NULL_CONVERSION = YES;
				CLANG_WARN_OBJC_IMPLICIT_RETAIN_SELF = YES;
				CLANG_WARN_OBJC_LITERAL_CONVERSION = YES;
				CLANG_WARN_OBJC_ROOT_CLASS = YES_ERROR;
				CLANG_WARN_QUOTED_INCLUDE_IN_FRAMEWORK_HEADER = YES;
				CLANG_WARN_RANGE_LOOP_ANALYSIS = YES;
				CLANG_WARN_STRICT_PROTOTYPES = YES;
				CLANG_WARN_SUSPICIOUS_MOVE = YES;
				CLANG_WARN_UNGUARDED_AVAILABILITY = YES_AGGRESSIVE;
				CLANG_WARN_UNREACHABLE_CODE = YES;
				CLANG_WARN__DUPLICATE_METHOD_MATCH = YES;
				COPY_PHASE_STRIP = NO;
				DEBUG_INFORMATION_FORMAT = "dwarf-with-dsym";
				ENABLE_NS_ASSERTIONS = NO;
				ENABLE_STRICT_OBJC_MSGSEND = YES;
				GCC_C_LANGUAGE_STANDARD = gnu11;
				GCC_NO_COMMON_BLOCKS = YES;
				GCC_WARN_64_TO_32_BIT_CONVERSION = YES;
				GCC_WARN_ABOUT_RETURN_TYPE = YES_ERROR;
				GCC_WARN_UNDECLARED_SELECTOR = YES;
				GCC_WARN_UNINITIALIZED_AUTOS = YES_AGGRESSIVE;
				GCC_WARN_UNUSED_FUNCTION = YES;
				GCC_WARN_UNUSED_VARIABLE = YES;
				IPHONEOS_DEPLOYMENT_TARGET = 16.4;
				MTL_ENABLE_DEBUG_INFO = NO;
				MTL_FAST_MATH = YES;
				SDKROOT = iphoneos;
				SWIFT_COMPILATION_MODE = wholemodule;
				SWIFT_OPTIMIZATION_LEVEL = "-O";
				VALIDATE_PRODUCT = YES;
			};
			name = Release;
		};
		CC9C9D242A91044B00C49C48 /* Debug */ = {
			isa = XCBuildConfiguration;
			buildSettings = {
				ASSETCATALOG_COMPILER_APPICON_NAME = AppIcon;
				ASSETCATALOG_COMPILER_GLOBAL_ACCENT_COLOR_NAME = AccentColor;
				CODE_SIGN_STYLE = Automatic;
				CURRENT_PROJECT_VERSION = 1;
				GENERATE_INFOPLIST_FILE = YES;
				INFOPLIST_FILE = BaseCollection/Info.plist;
				INFOPLIST_KEY_UIApplicationSupportsIndirectInputEvents = YES;
				INFOPLIST_KEY_UILaunchStoryboardName = LaunchScreen;
				INFOPLIST_KEY_UISupportedInterfaceOrientations_iPad = "UIInterfaceOrientationPortrait UIInterfaceOrientationPortraitUpsideDown UIInterfaceOrientationLandscapeLeft UIInterfaceOrientationLandscapeRight";
				INFOPLIST_KEY_UISupportedInterfaceOrientations_iPhone = "UIInterfaceOrientationPortrait UIInterfaceOrientationLandscapeLeft UIInterfaceOrientationLandscapeRight";
				IPHONEOS_DEPLOYMENT_TARGET = 13.0;
				LD_RUNPATH_SEARCH_PATHS = (
					"$(inherited)",
					"@executable_path/Frameworks",
				);
				MARKETING_VERSION = 1.0;
				PRODUCT_BUNDLE_IDENTIFIER = com.collectionView.BaseCollection;
				PRODUCT_NAME = "$(TARGET_NAME)";
				SWIFT_EMIT_LOC_STRINGS = YES;
				SWIFT_VERSION = 5.0;
				TARGETED_DEVICE_FAMILY = "1,2";
			};
			name = Debug;
		};
		CC9C9D252A91044B00C49C48 /* Release */ = {
			isa = XCBuildConfiguration;
			buildSettings = {
				ASSETCATALOG_COMPILER_APPICON_NAME = AppIcon;
				ASSETCATALOG_COMPILER_GLOBAL_ACCENT_COLOR_NAME = AccentColor;
				CODE_SIGN_STYLE = Automatic;
				CURRENT_PROJECT_VERSION = 1;
				GENERATE_INFOPLIST_FILE = YES;
				INFOPLIST_FILE = BaseCollection/Info.plist;
				INFOPLIST_KEY_UIApplicationSupportsIndirectInputEvents = YES;
				INFOPLIST_KEY_UILaunchStoryboardName = LaunchScreen;
				INFOPLIST_KEY_UISupportedInterfaceOrientations_iPad = "UIInterfaceOrientationPortrait UIInterfaceOrientationPortraitUpsideDown UIInterfaceOrientationLandscapeLeft UIInterfaceOrientationLandscapeRight";
				INFOPLIST_KEY_UISupportedInterfaceOrientations_iPhone = "UIInterfaceOrientationPortrait UIInterfaceOrientationLandscapeLeft UIInterfaceOrientationLandscapeRight";
				IPHONEOS_DEPLOYMENT_TARGET = 13.0;
				LD_RUNPATH_SEARCH_PATHS = (
					"$(inherited)",
					"@executable_path/Frameworks",
				);
				MARKETING_VERSION = 1.0;
				PRODUCT_BUNDLE_IDENTIFIER = com.collectionView.BaseCollection;
				PRODUCT_NAME = "$(TARGET_NAME)";
				SWIFT_EMIT_LOC_STRINGS = YES;
				SWIFT_VERSION = 5.0;
				TARGETED_DEVICE_FAMILY = "1,2";
			};
			name = Release;
		};
/* End XCBuildConfiguration section */

/* Begin XCConfigurationList section */
		CC9C9D0A2A91044900C49C48 /* Build configuration list for PBXProject "BaseCollection" */ = {
			isa = XCConfigurationList;
			buildConfigurations = (
				CC9C9D212A91044B00C49C48 /* Debug */,
				CC9C9D222A91044B00C49C48 /* Release */,
			);
			defaultConfigurationIsVisible = 0;
			defaultConfigurationName = Release;
		};
		CC9C9D232A91044B00C49C48 /* Build configuration list for PBXNativeTarget "BaseCollection" */ = {
			isa = XCConfigurationList;
			buildConfigurations = (
				CC9C9D242A91044B00C49C48 /* Debug */,
				CC9C9D252A91044B00C49C48 /* Release */,
			);
			defaultConfigurationIsVisible = 0;
			defaultConfigurationName = Release;
		};
/* End XCConfigurationList section */
	};
	rootObject = CC9C9D072A91044900C49C48 /* Project object */;
}
